
Microsoft Visual Studio Solution File, Format Version 12.00
# Visual Studio 15
VisualStudioVersion = 15.0.28307.271
MinimumVisualStudioVersion = 10.0.40219.1
Project("{FAE04EC0-301F-11D3-BF4B-00C04F79EFBC}") = "WindowsFormsApp3", "WindowsFormsApp3\WindowsFormsApp3.csproj", "{D640D416-5918-4020-B58D-B55B7C656745}"
EndProject
Global
	GlobalSection(SolutionConfigurationPlatforms) = preSolution
		Debug|Any CPU = Debug|Any CPU
		Release|Any CPU = Release|Any CPU
	EndGlobalSection
	GlobalSection(ProjectConfigurationPlatforms) = postSolution
		{D640D416-5918-4020-B58D-B55B7C656745}.Debug|Any CPU.ActiveCfg = Debug|Any CPU
		{D640D416-5918-4020-B58D-B55B7C656745}.Debug|Any CPU.Build.0 = Debug|Any CPU
		{D640D416-5918-4020-B58D-B55B7C656745}.Release|Any CPU.ActiveCfg = Release|Any CPU
		{D640D416-5918-4020-B58D-B55B7C656745}.Release|Any CPU.Build.0 = Release|Any CPU
	EndGlobalSection
	GlobalSection(SolutionProperties) = preSolution
		HideSolutionNode = FALSE
	EndGlobalSection
	GlobalSection(ExtensibilityGlobals) = postSolution
		SolutionGuid = {EC1A6AAF-DABE-4639-8B2F-E3E6A8E2FA2D}
	EndGlobalSection
EndGlobal
